// !$*UTF8*$!
{
	archiveVersion = 1;
	classes = {
	};
	objectVersion = 50;
	objects = {

/* Begin PBXBuildFile section */
		7444F792250F399B00F2C07D /* AppDelegate.swift in Sources */ = {isa = PBXBuildFile; fileRef = 7444F791250F399B00F2C07D /* AppDelegate.swift */; };
		7444F796250F399B00F2C07D /* ProfileViewController.swift in Sources */ = {isa = PBXBuildFile; fileRef = 7444F795250F399B00F2C07D /* ProfileViewController.swift */; };
		7444F799250F399B00F2C07D /* Main.storyboard in Resources */ = {isa = PBXBuildFile; fileRef = 7444F797250F399B00F2C07D /* Main.storyboard */; };
		7444F79B250F399E00F2C07D /* Assets.xcassets in Resources */ = {isa = PBXBuildFile; fileRef = 7444F79A250F399E00F2C07D /* Assets.xcassets */; };
		7444F79E250F399E00F2C07D /* LaunchScreen.storyboard in Resources */ = {isa = PBXBuildFile; fileRef = 7444F79C250F399E00F2C07D /* LaunchScreen.storyboard */; };
<<<<<<< Updated upstream
=======
		74459577253C909300D80A6C /* GoogleService-Info.plist in Resources */ = {isa = PBXBuildFile; fileRef = 74459576253C909300D80A6C /* GoogleService-Info.plist */; };
		744DE55325454FB600272AEB /* Chat.xcdatamodeld in Sources */ = {isa = PBXBuildFile; fileRef = 744DE55125454FB600272AEB /* Chat.xcdatamodeld */; };
		744DE5572545AEB200272AEB /* CoreDataStack.swift in Sources */ = {isa = PBXBuildFile; fileRef = 744DE5562545AEB200272AEB /* CoreDataStack.swift */; };
		7453F336255D7D2C000876AD /* ConversationsListModel.swift in Sources */ = {isa = PBXBuildFile; fileRef = 7453F335255D7D2C000876AD /* ConversationsListModel.swift */; };
		7453F338255D8793000876AD /* PresentationAssembly.swift in Sources */ = {isa = PBXBuildFile; fileRef = 7453F337255D8793000876AD /* PresentationAssembly.swift */; };
		7453F33A255D97D0000876AD /* RootAssembly.swift in Sources */ = {isa = PBXBuildFile; fileRef = 7453F339255D97D0000876AD /* RootAssembly.swift */; };
		7453F33F255DA3B7000876AD /* ConversationModel.swift in Sources */ = {isa = PBXBuildFile; fileRef = 7453F33E255DA3B7000876AD /* ConversationModel.swift */; };
		7453F342255DBFFF000876AD /* UserProfile.swift in Sources */ = {isa = PBXBuildFile; fileRef = 7453F341255DBFFE000876AD /* UserProfile.swift */; };
		7476CD27256BBB4100659400 /* IRequestSender.swift in Sources */ = {isa = PBXBuildFile; fileRef = 7476CD26256BBB4100659400 /* IRequestSender.swift */; };
		7476CD33256BCAF200659400 /* AvatarViewController.swift in Sources */ = {isa = PBXBuildFile; fileRef = 7476CD32256BCAF200659400 /* AvatarViewController.swift */; };
		7476CD35256BCB1F00659400 /* AvatarModel.swift in Sources */ = {isa = PBXBuildFile; fileRef = 7476CD34256BCB1F00659400 /* AvatarModel.swift */; };
		7476CD37256BCB4C00659400 /* AvatarCell.swift in Sources */ = {isa = PBXBuildFile; fileRef = 7476CD36256BCB4C00659400 /* AvatarCell.swift */; };
		7476CD3C256BD38C00659400 /* ProfileModel.swift in Sources */ = {isa = PBXBuildFile; fileRef = 7476CD3B256BD38C00659400 /* ProfileModel.swift */; };
		7484DE9C2528CBE80031C18B /* ThemesViewController.storyboard in Resources */ = {isa = PBXBuildFile; fileRef = 7484DE9B2528CBE80031C18B /* ThemesViewController.storyboard */; };
		7484DE9E2528F10D0031C18B /* ThemesViewController.swift in Sources */ = {isa = PBXBuildFile; fileRef = 7484DE9D2528F10C0031C18B /* ThemesViewController.swift */; };
		748BA101256AB06A007831AC /* RequestsFactory.swift in Sources */ = {isa = PBXBuildFile; fileRef = 748BA100256AB06A007831AC /* RequestsFactory.swift */; };
		748BA104256AB452007831AC /* RequestSender.swift in Sources */ = {isa = PBXBuildFile; fileRef = 748BA103256AB452007831AC /* RequestSender.swift */; };
		748BA10A256ABB0F007831AC /* URLParser.swift in Sources */ = {isa = PBXBuildFile; fileRef = 748BA109256ABB0F007831AC /* URLParser.swift */; };
		748BA10C256ABB1B007831AC /* ImageParser.swift in Sources */ = {isa = PBXBuildFile; fileRef = 748BA10B256ABB1B007831AC /* ImageParser.swift */; };
		748BA10E256ABB41007831AC /* IParser.swift in Sources */ = {isa = PBXBuildFile; fileRef = 748BA10D256ABB41007831AC /* IParser.swift */; };
		748BA110256ACA95007831AC /* IRequest.swift in Sources */ = {isa = PBXBuildFile; fileRef = 748BA10F256ACA95007831AC /* IRequest.swift */; };
		748BA112256ACABE007831AC /* URLRequest.swift in Sources */ = {isa = PBXBuildFile; fileRef = 748BA111256ACABE007831AC /* URLRequest.swift */; };
		748BA114256ACACE007831AC /* ImageRequest.swift in Sources */ = {isa = PBXBuildFile; fileRef = 748BA113256ACACE007831AC /* ImageRequest.swift */; };
		748BA11A256AD834007831AC /* ImageService.swift in Sources */ = {isa = PBXBuildFile; fileRef = 748BA119256AD834007831AC /* ImageService.swift */; };
		748BA11C256ADEE9007831AC /* URLService.swift in Sources */ = {isa = PBXBuildFile; fileRef = 748BA11B256ADEE9007831AC /* URLService.swift */; };
		748D929A252CCFC3006DAD9B /* ThemePickerDelegate.swift in Sources */ = {isa = PBXBuildFile; fileRef = 748D9299252CCFC3006DAD9B /* ThemePickerDelegate.swift */; };
		74C0105A256FB97500FBD8D0 /* EmblemAnimation.swift in Sources */ = {isa = PBXBuildFile; fileRef = 74C01059256FB97500FBD8D0 /* EmblemAnimation.swift */; };
		74ED076A25237C5800DA4380 /* ConversationsTableViewCell.swift in Sources */ = {isa = PBXBuildFile; fileRef = 74ED076825237C5800DA4380 /* ConversationsTableViewCell.swift */; };
		74F35DEF253785300058B6D9 /* OperationDataManager.swift in Sources */ = {isa = PBXBuildFile; fileRef = 74F35DEE253785300058B6D9 /* OperationDataManager.swift */; };
		7EA733E2D4BA5ECA4076CC46 /* Pods_TinkoffChat.framework in Frameworks */ = {isa = PBXBuildFile; fileRef = 014FD6E9DF7034A200C32D7C /* Pods_TinkoffChat.framework */; };
>>>>>>> Stashed changes
/* End PBXBuildFile section */

/* Begin PBXFileReference section */
		7444F78E250F399B00F2C07D /* TinkoffChat.app */ = {isa = PBXFileReference; explicitFileType = wrapper.application; includeInIndex = 0; path = TinkoffChat.app; sourceTree = BUILT_PRODUCTS_DIR; };
		7444F791250F399B00F2C07D /* AppDelegate.swift */ = {isa = PBXFileReference; lastKnownFileType = sourcecode.swift; path = AppDelegate.swift; sourceTree = "<group>"; };
		7444F795250F399B00F2C07D /* ProfileViewController.swift */ = {isa = PBXFileReference; lastKnownFileType = sourcecode.swift; path = ProfileViewController.swift; sourceTree = "<group>"; };
		7444F798250F399B00F2C07D /* Base */ = {isa = PBXFileReference; lastKnownFileType = file.storyboard; name = Base; path = Base.lproj/Main.storyboard; sourceTree = "<group>"; };
		7444F79A250F399E00F2C07D /* Assets.xcassets */ = {isa = PBXFileReference; lastKnownFileType = folder.assetcatalog; path = Assets.xcassets; sourceTree = "<group>"; };
		7444F79D250F399E00F2C07D /* Base */ = {isa = PBXFileReference; lastKnownFileType = file.storyboard; name = Base; path = Base.lproj/LaunchScreen.storyboard; sourceTree = "<group>"; };
		7444F79F250F399E00F2C07D /* Info.plist */ = {isa = PBXFileReference; lastKnownFileType = text.plist.xml; path = Info.plist; sourceTree = "<group>"; };
<<<<<<< Updated upstream
=======
		74459576253C909300D80A6C /* GoogleService-Info.plist */ = {isa = PBXFileReference; lastKnownFileType = text.plist; path = "GoogleService-Info.plist"; sourceTree = SOURCE_ROOT; };
		744DE55225454FB600272AEB /* Chat.xcdatamodel */ = {isa = PBXFileReference; lastKnownFileType = wrapper.xcdatamodel; path = Chat.xcdatamodel; sourceTree = "<group>"; };
		744DE5562545AEB200272AEB /* CoreDataStack.swift */ = {isa = PBXFileReference; lastKnownFileType = sourcecode.swift; path = CoreDataStack.swift; sourceTree = "<group>"; };
		7453F335255D7D2C000876AD /* ConversationsListModel.swift */ = {isa = PBXFileReference; lastKnownFileType = sourcecode.swift; path = ConversationsListModel.swift; sourceTree = "<group>"; };
		7453F337255D8793000876AD /* PresentationAssembly.swift */ = {isa = PBXFileReference; lastKnownFileType = sourcecode.swift; path = PresentationAssembly.swift; sourceTree = "<group>"; };
		7453F339255D97D0000876AD /* RootAssembly.swift */ = {isa = PBXFileReference; lastKnownFileType = sourcecode.swift; path = RootAssembly.swift; sourceTree = "<group>"; };
		7453F33E255DA3B7000876AD /* ConversationModel.swift */ = {isa = PBXFileReference; lastKnownFileType = sourcecode.swift; path = ConversationModel.swift; sourceTree = "<group>"; };
		7453F341255DBFFE000876AD /* UserProfile.swift */ = {isa = PBXFileReference; lastKnownFileType = sourcecode.swift; path = UserProfile.swift; sourceTree = "<group>"; };
		7476CD26256BBB4100659400 /* IRequestSender.swift */ = {isa = PBXFileReference; lastKnownFileType = sourcecode.swift; path = IRequestSender.swift; sourceTree = "<group>"; };
		7476CD32256BCAF200659400 /* AvatarViewController.swift */ = {isa = PBXFileReference; lastKnownFileType = sourcecode.swift; path = AvatarViewController.swift; sourceTree = "<group>"; };
		7476CD34256BCB1F00659400 /* AvatarModel.swift */ = {isa = PBXFileReference; lastKnownFileType = sourcecode.swift; path = AvatarModel.swift; sourceTree = "<group>"; };
		7476CD36256BCB4C00659400 /* AvatarCell.swift */ = {isa = PBXFileReference; lastKnownFileType = sourcecode.swift; path = AvatarCell.swift; sourceTree = "<group>"; };
		7476CD3B256BD38C00659400 /* ProfileModel.swift */ = {isa = PBXFileReference; lastKnownFileType = sourcecode.swift; path = ProfileModel.swift; sourceTree = "<group>"; };
		7484DE9B2528CBE80031C18B /* ThemesViewController.storyboard */ = {isa = PBXFileReference; lastKnownFileType = file.storyboard; path = ThemesViewController.storyboard; sourceTree = "<group>"; };
		7484DE9D2528F10C0031C18B /* ThemesViewController.swift */ = {isa = PBXFileReference; lastKnownFileType = sourcecode.swift; path = ThemesViewController.swift; sourceTree = "<group>"; };
		748BA100256AB06A007831AC /* RequestsFactory.swift */ = {isa = PBXFileReference; lastKnownFileType = sourcecode.swift; path = RequestsFactory.swift; sourceTree = "<group>"; };
		748BA103256AB452007831AC /* RequestSender.swift */ = {isa = PBXFileReference; lastKnownFileType = sourcecode.swift; path = RequestSender.swift; sourceTree = "<group>"; };
		748BA109256ABB0F007831AC /* URLParser.swift */ = {isa = PBXFileReference; lastKnownFileType = sourcecode.swift; path = URLParser.swift; sourceTree = "<group>"; };
		748BA10B256ABB1B007831AC /* ImageParser.swift */ = {isa = PBXFileReference; lastKnownFileType = sourcecode.swift; path = ImageParser.swift; sourceTree = "<group>"; };
		748BA10D256ABB41007831AC /* IParser.swift */ = {isa = PBXFileReference; lastKnownFileType = sourcecode.swift; path = IParser.swift; sourceTree = "<group>"; };
		748BA10F256ACA95007831AC /* IRequest.swift */ = {isa = PBXFileReference; lastKnownFileType = sourcecode.swift; path = IRequest.swift; sourceTree = "<group>"; };
		748BA111256ACABE007831AC /* URLRequest.swift */ = {isa = PBXFileReference; lastKnownFileType = sourcecode.swift; path = URLRequest.swift; sourceTree = "<group>"; };
		748BA113256ACACE007831AC /* ImageRequest.swift */ = {isa = PBXFileReference; lastKnownFileType = sourcecode.swift; path = ImageRequest.swift; sourceTree = "<group>"; };
		748BA119256AD834007831AC /* ImageService.swift */ = {isa = PBXFileReference; lastKnownFileType = sourcecode.swift; path = ImageService.swift; sourceTree = "<group>"; };
		748BA11B256ADEE9007831AC /* URLService.swift */ = {isa = PBXFileReference; lastKnownFileType = sourcecode.swift; path = URLService.swift; sourceTree = "<group>"; };
		748D9299252CCFC3006DAD9B /* ThemePickerDelegate.swift */ = {isa = PBXFileReference; lastKnownFileType = sourcecode.swift; path = ThemePickerDelegate.swift; sourceTree = "<group>"; };
		74C01059256FB97500FBD8D0 /* EmblemAnimation.swift */ = {isa = PBXFileReference; lastKnownFileType = sourcecode.swift; path = EmblemAnimation.swift; sourceTree = "<group>"; };
		74ED076825237C5800DA4380 /* ConversationsTableViewCell.swift */ = {isa = PBXFileReference; lastKnownFileType = sourcecode.swift; path = ConversationsTableViewCell.swift; sourceTree = "<group>"; };
		74F35DEE253785300058B6D9 /* OperationDataManager.swift */ = {isa = PBXFileReference; lastKnownFileType = sourcecode.swift; path = OperationDataManager.swift; sourceTree = "<group>"; };
		7D9AF138F85DB24D2C6CE591 /* Pods-TinkoffChat.debug.xcconfig */ = {isa = PBXFileReference; includeInIndex = 1; lastKnownFileType = text.xcconfig; name = "Pods-TinkoffChat.debug.xcconfig"; path = "Target Support Files/Pods-TinkoffChat/Pods-TinkoffChat.debug.xcconfig"; sourceTree = "<group>"; };
>>>>>>> Stashed changes
/* End PBXFileReference section */

/* Begin PBXFrameworksBuildPhase section */
		7444F78B250F399B00F2C07D /* Frameworks */ = {
			isa = PBXFrameworksBuildPhase;
			buildActionMask = 2147483647;
			files = (
			);
			runOnlyForDeploymentPostprocessing = 0;
		};
/* End PBXFrameworksBuildPhase section */

/* Begin PBXGroup section */
		742C5A6E2515F39B0020E275 /* Resources */ = {
			isa = PBXGroup;
			children = (
				7444F791250F399B00F2C07D /* AppDelegate.swift */,
				7444F79A250F399E00F2C07D /* Assets.xcassets */,
			);
			path = Resources;
			sourceTree = "<group>";
		};
		742C5A6F2515F3C00020E275 /* Controllers */ = {
			isa = PBXGroup;
			children = (
				7444F795250F399B00F2C07D /* ProfileViewController.swift */,
			);
			path = Controllers;
			sourceTree = "<group>";
		};
		742C5A702515F3DB0020E275 /* Views */ = {
			isa = PBXGroup;
			children = (
				742C5A712515F3F20020E275 /* Storyboards */,
			);
			path = Views;
			sourceTree = "<group>";
		};
		742C5A712515F3F20020E275 /* Storyboards */ = {
			isa = PBXGroup;
			children = (
				7444F797250F399B00F2C07D /* Main.storyboard */,
				7444F79C250F399E00F2C07D /* LaunchScreen.storyboard */,
			);
			path = Storyboards;
			sourceTree = "<group>";
		};
		7444F785250F399B00F2C07D = {
			isa = PBXGroup;
			children = (
				7444F790250F399B00F2C07D /* TinkoffChat */,
				7444F78F250F399B00F2C07D /* Products */,
			);
			sourceTree = "<group>";
		};
		7444F78F250F399B00F2C07D /* Products */ = {
			isa = PBXGroup;
			children = (
				7444F78E250F399B00F2C07D /* TinkoffChat.app */,
			);
			name = Products;
			sourceTree = "<group>";
		};
		7444F790250F399B00F2C07D /* TinkoffChat */ = {
			isa = PBXGroup;
			children = (
				742C5A6E2515F39B0020E275 /* Resources */,
				742C5A6F2515F3C00020E275 /* Controllers */,
				742C5A702515F3DB0020E275 /* Views */,
				7444F79F250F399E00F2C07D /* Info.plist */,
			);
			path = TinkoffChat;
			sourceTree = "<group>";
		};
<<<<<<< Updated upstream
=======
		7453F32F255D69C1000876AD /* 1.PresentationLayer */ = {
			isa = PBXGroup;
			children = (
				7453F331255D7351000876AD /* Assembly */,
				7453F330255D7338000876AD /* Modules */,
			);
			path = 1.PresentationLayer;
			sourceTree = "<group>";
		};
		7453F330255D7338000876AD /* Modules */ = {
			isa = PBXGroup;
			children = (
				74C01058256FB8FA00FBD8D0 /* Animation */,
				74F5D71D252B6D77001D8F89 /* ConversationsList */,
				74F5D71E252B6DB2001D8F89 /* ConversationViewController */,
				74F5D71F252B6DF1001D8F89 /* ProfileViewController */,
				7476CD2C256BCA0700659400 /* AvatarViewController */,
				74F5D720252B6E1B001D8F89 /* ThemesViewController */,
			);
			path = Modules;
			sourceTree = "<group>";
		};
		7453F331255D7351000876AD /* Assembly */ = {
			isa = PBXGroup;
			children = (
				7453F337255D8793000876AD /* PresentationAssembly.swift */,
			);
			path = Assembly;
			sourceTree = "<group>";
		};
		7453F332255D7381000876AD /* Controller */ = {
			isa = PBXGroup;
			children = (
				743F48C0252235BD00AD158F /* ConversationsListViewController.swift */,
			);
			path = Controller;
			sourceTree = "<group>";
		};
		7453F333255D7384000876AD /* View */ = {
			isa = PBXGroup;
			children = (
				74ED076825237C5800DA4380 /* ConversationsTableViewCell.swift */,
				743F48C2252235E500AD158F /* ConversationsList.storyboard */,
			);
			path = View;
			sourceTree = "<group>";
		};
		7453F334255D7386000876AD /* Model */ = {
			isa = PBXGroup;
			children = (
				7453F335255D7D2C000876AD /* ConversationsListModel.swift */,
				743F48D02522594600AD158F /* ConversationCell.swift */,
			);
			path = Model;
			sourceTree = "<group>";
		};
		7453F33B255DA339000876AD /* Controller */ = {
			isa = PBXGroup;
			children = (
				743AF2102524657700C022E7 /* ConversationViewController.swift */,
			);
			path = Controller;
			sourceTree = "<group>";
		};
		7453F33D255DA33D000876AD /* Model */ = {
			isa = PBXGroup;
			children = (
				743AF21425249F9600C022E7 /* MessageCellModel.swift */,
				74003458253F6C6300385E62 /* FirebaseModels.swift */,
				7453F33E255DA3B7000876AD /* ConversationModel.swift */,
			);
			path = Model;
			sourceTree = "<group>";
		};
		7453F340255DBEFB000876AD /* Modules */ = {
			isa = PBXGroup;
			children = (
				741836F7255C3B6E00F23E96 /* CoreDataManager.swift */,
				7400345D253F6DE900385E62 /* FirebaseManager.swift */,
				74F35DEE253785300058B6D9 /* OperationDataManager.swift */,
				74029F9E253615B1008F17BB /* GCDDataManager.swift */,
				748BA11B256ADEE9007831AC /* URLService.swift */,
				748BA119256AD834007831AC /* ImageService.swift */,
			);
			path = Modules;
			sourceTree = "<group>";
		};
		7476CD28256BBC6D00659400 /* View */ = {
			isa = PBXGroup;
			children = (
				743AF2162524A03800C022E7 /* ConversationTableViewCell.swift */,
			);
			path = View;
			sourceTree = "<group>";
		};
		7476CD29256BBE0E00659400 /* Protocols */ = {
			isa = PBXGroup;
			children = (
				743AF20C25245C5000C022E7 /* ConfigurableView.swift */,
			);
			path = Protocols;
			sourceTree = "<group>";
		};
		7476CD2C256BCA0700659400 /* AvatarViewController */ = {
			isa = PBXGroup;
			children = (
				7476CD2F256BCA2100659400 /* Model */,
				7476CD2E256BCA1F00659400 /* View */,
				7476CD2D256BCA1C00659400 /* Controller */,
			);
			path = AvatarViewController;
			sourceTree = "<group>";
		};
		7476CD2D256BCA1C00659400 /* Controller */ = {
			isa = PBXGroup;
			children = (
				7476CD32256BCAF200659400 /* AvatarViewController.swift */,
			);
			path = Controller;
			sourceTree = "<group>";
		};
		7476CD2E256BCA1F00659400 /* View */ = {
			isa = PBXGroup;
			children = (
				7476CD36256BCB4C00659400 /* AvatarCell.swift */,
			);
			path = View;
			sourceTree = "<group>";
		};
		7476CD2F256BCA2100659400 /* Model */ = {
			isa = PBXGroup;
			children = (
				7476CD34256BCB1F00659400 /* AvatarModel.swift */,
			);
			path = Model;
			sourceTree = "<group>";
		};
		7476CD38256BD30B00659400 /* Controller */ = {
			isa = PBXGroup;
			children = (
				7444F795250F399B00F2C07D /* ProfileViewController.swift */,
			);
			path = Controller;
			sourceTree = "<group>";
		};
		7476CD39256BD30E00659400 /* View */ = {
			isa = PBXGroup;
			children = (
				7444F797250F399B00F2C07D /* Profile.storyboard */,
			);
			path = View;
			sourceTree = "<group>";
		};
		7476CD3A256BD30F00659400 /* Model */ = {
			isa = PBXGroup;
			children = (
				7453F341255DBFFE000876AD /* UserProfile.swift */,
				7476CD3B256BD38C00659400 /* ProfileModel.swift */,
			);
			path = Model;
			sourceTree = "<group>";
		};
		748BA0FF256AAE95007831AC /* Network */ = {
			isa = PBXGroup;
			children = (
				748BA102256AB436007831AC /* RequestManager */,
				748BA105256AB8E3007831AC /* Parsers */,
				748BA106256AB8FB007831AC /* Requests */,
				748BA100256AB06A007831AC /* RequestsFactory.swift */,
			);
			path = Network;
			sourceTree = "<group>";
		};
		748BA102256AB436007831AC /* RequestManager */ = {
			isa = PBXGroup;
			children = (
				7476CD26256BBB4100659400 /* IRequestSender.swift */,
				748BA103256AB452007831AC /* RequestSender.swift */,
			);
			path = RequestManager;
			sourceTree = "<group>";
		};
		748BA105256AB8E3007831AC /* Parsers */ = {
			isa = PBXGroup;
			children = (
				748BA10D256ABB41007831AC /* IParser.swift */,
				748BA109256ABB0F007831AC /* URLParser.swift */,
				748BA10B256ABB1B007831AC /* ImageParser.swift */,
			);
			path = Parsers;
			sourceTree = "<group>";
		};
		748BA106256AB8FB007831AC /* Requests */ = {
			isa = PBXGroup;
			children = (
				748BA10F256ACA95007831AC /* IRequest.swift */,
				748BA111256ACABE007831AC /* URLRequest.swift */,
				748BA113256ACACE007831AC /* ImageRequest.swift */,
			);
			path = Requests;
			sourceTree = "<group>";
		};
		74C01058256FB8FA00FBD8D0 /* Animation */ = {
			isa = PBXGroup;
			children = (
				74C01059256FB97500FBD8D0 /* EmblemAnimation.swift */,
			);
			path = Animation;
			sourceTree = "<group>";
		};
		74C0105B257013E700FBD8D0 /* Model */ = {
			isa = PBXGroup;
			children = (
				748D9299252CCFC3006DAD9B /* ThemePickerDelegate.swift */,
			);
			path = Model;
			sourceTree = "<group>";
		};
		74C0105C257013F200FBD8D0 /* Controller */ = {
			isa = PBXGroup;
			children = (
				7484DE9D2528F10C0031C18B /* ThemesViewController.swift */,
			);
			path = Controller;
			sourceTree = "<group>";
		};
		74C0105D257013F500FBD8D0 /* View */ = {
			isa = PBXGroup;
			children = (
				7484DE9B2528CBE80031C18B /* ThemesViewController.storyboard */,
			);
			path = View;
			sourceTree = "<group>";
		};
		74F5D71D252B6D77001D8F89 /* ConversationsList */ = {
			isa = PBXGroup;
			children = (
				7453F334255D7386000876AD /* Model */,
				7453F333255D7384000876AD /* View */,
				7453F332255D7381000876AD /* Controller */,
			);
			path = ConversationsList;
			sourceTree = "<group>";
		};
		74F5D71E252B6DB2001D8F89 /* ConversationViewController */ = {
			isa = PBXGroup;
			children = (
				7453F33D255DA33D000876AD /* Model */,
				7476CD28256BBC6D00659400 /* View */,
				7453F33B255DA339000876AD /* Controller */,
			);
			path = ConversationViewController;
			sourceTree = "<group>";
		};
		74F5D71F252B6DF1001D8F89 /* ProfileViewController */ = {
			isa = PBXGroup;
			children = (
				7476CD3A256BD30F00659400 /* Model */,
				7476CD39256BD30E00659400 /* View */,
				7476CD38256BD30B00659400 /* Controller */,
			);
			path = ProfileViewController;
			sourceTree = "<group>";
		};
		74F5D720252B6E1B001D8F89 /* ThemesViewController */ = {
			isa = PBXGroup;
			children = (
				74C0105B257013E700FBD8D0 /* Model */,
				74C0105D257013F500FBD8D0 /* View */,
				74C0105C257013F200FBD8D0 /* Controller */,
			);
			path = ThemesViewController;
			sourceTree = "<group>";
		};
>>>>>>> Stashed changes
/* End PBXGroup section */

/* Begin PBXNativeTarget section */
		7444F78D250F399B00F2C07D /* TinkoffChat */ = {
			isa = PBXNativeTarget;
			buildConfigurationList = 7444F7A2250F399E00F2C07D /* Build configuration list for PBXNativeTarget "TinkoffChat" */;
			buildPhases = (
				7444F78A250F399B00F2C07D /* Sources */,
				7444F78B250F399B00F2C07D /* Frameworks */,
				7444F78C250F399B00F2C07D /* Resources */,
			);
			buildRules = (
			);
			dependencies = (
			);
			name = TinkoffChat;
			productName = TinkoffChat;
			productReference = 7444F78E250F399B00F2C07D /* TinkoffChat.app */;
			productType = "com.apple.product-type.application";
		};
/* End PBXNativeTarget section */

/* Begin PBXProject section */
		7444F786250F399B00F2C07D /* Project object */ = {
			isa = PBXProject;
			attributes = {
				LastSwiftUpdateCheck = 1130;
				LastUpgradeCheck = 1130;
				ORGANIZATIONNAME = Egor;
				TargetAttributes = {
					7444F78D250F399B00F2C07D = {
						CreatedOnToolsVersion = 11.3.1;
					};
				};
			};
			buildConfigurationList = 7444F789250F399B00F2C07D /* Build configuration list for PBXProject "TinkoffChat" */;
			compatibilityVersion = "Xcode 9.3";
			developmentRegion = en;
			hasScannedForEncodings = 0;
			knownRegions = (
				en,
				Base,
			);
			mainGroup = 7444F785250F399B00F2C07D;
			productRefGroup = 7444F78F250F399B00F2C07D /* Products */;
			projectDirPath = "";
			projectRoot = "";
			targets = (
				7444F78D250F399B00F2C07D /* TinkoffChat */,
			);
		};
/* End PBXProject section */

/* Begin PBXResourcesBuildPhase section */
		7444F78C250F399B00F2C07D /* Resources */ = {
			isa = PBXResourcesBuildPhase;
			buildActionMask = 2147483647;
			files = (
				7444F79E250F399E00F2C07D /* LaunchScreen.storyboard in Resources */,
				7444F79B250F399E00F2C07D /* Assets.xcassets in Resources */,
				7444F799250F399B00F2C07D /* Main.storyboard in Resources */,
			);
			runOnlyForDeploymentPostprocessing = 0;
		};
/* End PBXResourcesBuildPhase section */

/* Begin PBXSourcesBuildPhase section */
		7444F78A250F399B00F2C07D /* Sources */ = {
			isa = PBXSourcesBuildPhase;
			buildActionMask = 2147483647;
			files = (
<<<<<<< Updated upstream
=======
				748BA104256AB452007831AC /* RequestSender.swift in Sources */,
				74C0105A256FB97500FBD8D0 /* EmblemAnimation.swift in Sources */,
				748D929A252CCFC3006DAD9B /* ThemePickerDelegate.swift in Sources */,
				741836FA255C4D6800F23E96 /* ServiceAssembly.swift in Sources */,
				7476CD3C256BD38C00659400 /* ProfileModel.swift in Sources */,
				74003459253F6C6300385E62 /* FirebaseModels.swift in Sources */,
				748BA10E256ABB41007831AC /* IParser.swift in Sources */,
				743AF21525249F9600C022E7 /* MessageCellModel.swift in Sources */,
				748BA114256ACACE007831AC /* ImageRequest.swift in Sources */,
				743AF2112524657700C022E7 /* ConversationViewController.swift in Sources */,
>>>>>>> Stashed changes
				7444F796250F399B00F2C07D /* ProfileViewController.swift in Sources */,
				7444F792250F399B00F2C07D /* AppDelegate.swift in Sources */,
			);
			runOnlyForDeploymentPostprocessing = 0;
		};
/* End PBXSourcesBuildPhase section */

/* Begin PBXVariantGroup section */
		7444F797250F399B00F2C07D /* Main.storyboard */ = {
			isa = PBXVariantGroup;
			children = (
				7444F798250F399B00F2C07D /* Base */,
			);
			name = Main.storyboard;
			sourceTree = "<group>";
		};
		7444F79C250F399E00F2C07D /* LaunchScreen.storyboard */ = {
			isa = PBXVariantGroup;
			children = (
				7444F79D250F399E00F2C07D /* Base */,
			);
			name = LaunchScreen.storyboard;
			sourceTree = "<group>";
		};
/* End PBXVariantGroup section */

/* Begin XCBuildConfiguration section */
		7444F7A0250F399E00F2C07D /* Debug */ = {
			isa = XCBuildConfiguration;
			buildSettings = {
				ALWAYS_SEARCH_USER_PATHS = NO;
				CLANG_ANALYZER_NONNULL = YES;
				CLANG_ANALYZER_NUMBER_OBJECT_CONVERSION = YES_AGGRESSIVE;
				CLANG_CXX_LANGUAGE_STANDARD = "gnu++14";
				CLANG_CXX_LIBRARY = "libc++";
				CLANG_ENABLE_MODULES = YES;
				CLANG_ENABLE_OBJC_ARC = YES;
				CLANG_ENABLE_OBJC_WEAK = YES;
				CLANG_WARN_BLOCK_CAPTURE_AUTORELEASING = YES;
				CLANG_WARN_BOOL_CONVERSION = YES;
				CLANG_WARN_COMMA = YES;
				CLANG_WARN_CONSTANT_CONVERSION = YES;
				CLANG_WARN_DEPRECATED_OBJC_IMPLEMENTATIONS = YES;
				CLANG_WARN_DIRECT_OBJC_ISA_USAGE = YES_ERROR;
				CLANG_WARN_DOCUMENTATION_COMMENTS = YES;
				CLANG_WARN_EMPTY_BODY = YES;
				CLANG_WARN_ENUM_CONVERSION = YES;
				CLANG_WARN_INFINITE_RECURSION = YES;
				CLANG_WARN_INT_CONVERSION = YES;
				CLANG_WARN_NON_LITERAL_NULL_CONVERSION = YES;
				CLANG_WARN_OBJC_IMPLICIT_RETAIN_SELF = YES;
				CLANG_WARN_OBJC_LITERAL_CONVERSION = YES;
				CLANG_WARN_OBJC_ROOT_CLASS = YES_ERROR;
				CLANG_WARN_RANGE_LOOP_ANALYSIS = YES;
				CLANG_WARN_STRICT_PROTOTYPES = YES;
				CLANG_WARN_SUSPICIOUS_MOVE = YES;
				CLANG_WARN_UNGUARDED_AVAILABILITY = YES_AGGRESSIVE;
				CLANG_WARN_UNREACHABLE_CODE = YES;
				CLANG_WARN__DUPLICATE_METHOD_MATCH = YES;
				COPY_PHASE_STRIP = NO;
				DEBUG_INFORMATION_FORMAT = dwarf;
				ENABLE_STRICT_OBJC_MSGSEND = YES;
				ENABLE_TESTABILITY = YES;
				GCC_C_LANGUAGE_STANDARD = gnu11;
				GCC_DYNAMIC_NO_PIC = NO;
				GCC_NO_COMMON_BLOCKS = YES;
				GCC_OPTIMIZATION_LEVEL = 0;
				GCC_PREPROCESSOR_DEFINITIONS = (
					"DEBUG=1",
					"$(inherited)",
				);
				GCC_WARN_64_TO_32_BIT_CONVERSION = YES;
				GCC_WARN_ABOUT_RETURN_TYPE = YES_ERROR;
				GCC_WARN_UNDECLARED_SELECTOR = YES;
				GCC_WARN_UNINITIALIZED_AUTOS = YES_AGGRESSIVE;
				GCC_WARN_UNUSED_FUNCTION = YES;
				GCC_WARN_UNUSED_VARIABLE = YES;
				IPHONEOS_DEPLOYMENT_TARGET = 12.0;
				MTL_ENABLE_DEBUG_INFO = INCLUDE_SOURCE;
				MTL_FAST_MATH = YES;
				ONLY_ACTIVE_ARCH = YES;
				SDKROOT = iphoneos;
				SWIFT_ACTIVE_COMPILATION_CONDITIONS = DEBUG;
				SWIFT_OPTIMIZATION_LEVEL = "-Onone";
			};
			name = Debug;
		};
		7444F7A1250F399E00F2C07D /* Release */ = {
			isa = XCBuildConfiguration;
			buildSettings = {
				ALWAYS_SEARCH_USER_PATHS = NO;
				CLANG_ANALYZER_NONNULL = YES;
				CLANG_ANALYZER_NUMBER_OBJECT_CONVERSION = YES_AGGRESSIVE;
				CLANG_CXX_LANGUAGE_STANDARD = "gnu++14";
				CLANG_CXX_LIBRARY = "libc++";
				CLANG_ENABLE_MODULES = YES;
				CLANG_ENABLE_OBJC_ARC = YES;
				CLANG_ENABLE_OBJC_WEAK = YES;
				CLANG_WARN_BLOCK_CAPTURE_AUTORELEASING = YES;
				CLANG_WARN_BOOL_CONVERSION = YES;
				CLANG_WARN_COMMA = YES;
				CLANG_WARN_CONSTANT_CONVERSION = YES;
				CLANG_WARN_DEPRECATED_OBJC_IMPLEMENTATIONS = YES;
				CLANG_WARN_DIRECT_OBJC_ISA_USAGE = YES_ERROR;
				CLANG_WARN_DOCUMENTATION_COMMENTS = YES;
				CLANG_WARN_EMPTY_BODY = YES;
				CLANG_WARN_ENUM_CONVERSION = YES;
				CLANG_WARN_INFINITE_RECURSION = YES;
				CLANG_WARN_INT_CONVERSION = YES;
				CLANG_WARN_NON_LITERAL_NULL_CONVERSION = YES;
				CLANG_WARN_OBJC_IMPLICIT_RETAIN_SELF = YES;
				CLANG_WARN_OBJC_LITERAL_CONVERSION = YES;
				CLANG_WARN_OBJC_ROOT_CLASS = YES_ERROR;
				CLANG_WARN_RANGE_LOOP_ANALYSIS = YES;
				CLANG_WARN_STRICT_PROTOTYPES = YES;
				CLANG_WARN_SUSPICIOUS_MOVE = YES;
				CLANG_WARN_UNGUARDED_AVAILABILITY = YES_AGGRESSIVE;
				CLANG_WARN_UNREACHABLE_CODE = YES;
				CLANG_WARN__DUPLICATE_METHOD_MATCH = YES;
				COPY_PHASE_STRIP = NO;
				DEBUG_INFORMATION_FORMAT = "dwarf-with-dsym";
				ENABLE_NS_ASSERTIONS = NO;
				ENABLE_STRICT_OBJC_MSGSEND = YES;
				GCC_C_LANGUAGE_STANDARD = gnu11;
				GCC_NO_COMMON_BLOCKS = YES;
				GCC_WARN_64_TO_32_BIT_CONVERSION = YES;
				GCC_WARN_ABOUT_RETURN_TYPE = YES_ERROR;
				GCC_WARN_UNDECLARED_SELECTOR = YES;
				GCC_WARN_UNINITIALIZED_AUTOS = YES_AGGRESSIVE;
				GCC_WARN_UNUSED_FUNCTION = YES;
				GCC_WARN_UNUSED_VARIABLE = YES;
				IPHONEOS_DEPLOYMENT_TARGET = 12.0;
				MTL_ENABLE_DEBUG_INFO = NO;
				MTL_FAST_MATH = YES;
				SDKROOT = iphoneos;
				SWIFT_COMPILATION_MODE = wholemodule;
				SWIFT_OPTIMIZATION_LEVEL = "-O";
				VALIDATE_PRODUCT = YES;
			};
			name = Release;
		};
		7444F7A3250F399E00F2C07D /* Debug */ = {
			isa = XCBuildConfiguration;
			buildSettings = {
				ASSETCATALOG_COMPILER_APPICON_NAME = AppIcon;
				CODE_SIGN_STYLE = Automatic;
				INFOPLIST_FILE = TinkoffChat/Info.plist;
				IPHONEOS_DEPLOYMENT_TARGET = 12.0;
				LD_RUNPATH_SEARCH_PATHS = (
					"$(inherited)",
					"@executable_path/Frameworks",
				);
				PRODUCT_BUNDLE_IDENTIFIER = ru.tinkoff.TinkoffChat;
				PRODUCT_NAME = "$(TARGET_NAME)";
				SWIFT_VERSION = 5.0;
				TARGETED_DEVICE_FAMILY = 1;
			};
			name = Debug;
		};
		7444F7A4250F399E00F2C07D /* Release */ = {
			isa = XCBuildConfiguration;
			buildSettings = {
				ASSETCATALOG_COMPILER_APPICON_NAME = AppIcon;
				CODE_SIGN_STYLE = Automatic;
				INFOPLIST_FILE = TinkoffChat/Info.plist;
				IPHONEOS_DEPLOYMENT_TARGET = 12.0;
				LD_RUNPATH_SEARCH_PATHS = (
					"$(inherited)",
					"@executable_path/Frameworks",
				);
				PRODUCT_BUNDLE_IDENTIFIER = ru.tinkoff.TinkoffChat;
				PRODUCT_NAME = "$(TARGET_NAME)";
				SWIFT_VERSION = 5.0;
				TARGETED_DEVICE_FAMILY = 1;
			};
			name = Release;
		};
/* End XCBuildConfiguration section */

/* Begin XCConfigurationList section */
		7444F789250F399B00F2C07D /* Build configuration list for PBXProject "TinkoffChat" */ = {
			isa = XCConfigurationList;
			buildConfigurations = (
				7444F7A0250F399E00F2C07D /* Debug */,
				7444F7A1250F399E00F2C07D /* Release */,
			);
			defaultConfigurationIsVisible = 0;
			defaultConfigurationName = Release;
		};
		7444F7A2250F399E00F2C07D /* Build configuration list for PBXNativeTarget "TinkoffChat" */ = {
			isa = XCConfigurationList;
			buildConfigurations = (
				7444F7A3250F399E00F2C07D /* Debug */,
				7444F7A4250F399E00F2C07D /* Release */,
			);
			defaultConfigurationIsVisible = 0;
			defaultConfigurationName = Release;
		};
/* End XCConfigurationList section */
	};
	rootObject = 7444F786250F399B00F2C07D /* Project object */;
}
