// !$*UTF8*$!
{
	archiveVersion = 1;
	classes = {
	};
	objectVersion = 51;
	objects = {

/* Begin PBXBuildFile section */
		74003459253F6C6300385E62 /* FirebaseModels.swift in Sources */ = {isa = PBXBuildFile; fileRef = 74003458253F6C6300385E62 /* FirebaseModels.swift */; };
		7400345E253F6DE900385E62 /* FirebaseManager.swift in Sources */ = {isa = PBXBuildFile; fileRef = 7400345D253F6DE900385E62 /* FirebaseManager.swift */; };
		74029F9F253615B1008F17BB /* GCDDataManager.swift in Sources */ = {isa = PBXBuildFile; fileRef = 74029F9E253615B1008F17BB /* GCDDataManager.swift */; };
		741836F8255C3B6E00F23E96 /* CoreDataManager.swift in Sources */ = {isa = PBXBuildFile; fileRef = 741836F7255C3B6E00F23E96 /* CoreDataManager.swift */; };
		741836FA255C4D6800F23E96 /* ServiceAssembly.swift in Sources */ = {isa = PBXBuildFile; fileRef = 741836F9255C4D6800F23E96 /* ServiceAssembly.swift */; };
		742F0A592549C6B600B37F78 /* DBMessage+CoreDataClass.swift in Sources */ = {isa = PBXBuildFile; fileRef = 742F0A552549C6B600B37F78 /* DBMessage+CoreDataClass.swift */; };
		742F0A5A2549C6B600B37F78 /* DBMessage+CoreDataProperties.swift in Sources */ = {isa = PBXBuildFile; fileRef = 742F0A562549C6B600B37F78 /* DBMessage+CoreDataProperties.swift */; };
		742F0A5B2549C6B600B37F78 /* DBChannel+CoreDataClass.swift in Sources */ = {isa = PBXBuildFile; fileRef = 742F0A572549C6B600B37F78 /* DBChannel+CoreDataClass.swift */; };
		742F0A5C2549C6B600B37F78 /* DBChannel+CoreDataProperties.swift in Sources */ = {isa = PBXBuildFile; fileRef = 742F0A582549C6B600B37F78 /* DBChannel+CoreDataProperties.swift */; };
		743AF20D25245C5000C022E7 /* ConfigurableView.swift in Sources */ = {isa = PBXBuildFile; fileRef = 743AF20C25245C5000C022E7 /* ConfigurableView.swift */; };
		743AF2112524657700C022E7 /* ConversationViewController.swift in Sources */ = {isa = PBXBuildFile; fileRef = 743AF2102524657700C022E7 /* ConversationViewController.swift */; };
		743AF21525249F9600C022E7 /* MessageCellModel.swift in Sources */ = {isa = PBXBuildFile; fileRef = 743AF21425249F9600C022E7 /* MessageCellModel.swift */; };
		743AF2172524A03800C022E7 /* ConversationTableViewCell.swift in Sources */ = {isa = PBXBuildFile; fileRef = 743AF2162524A03800C022E7 /* ConversationTableViewCell.swift */; };
		743F48C1252235BD00AD158F /* ConversationsListViewController.swift in Sources */ = {isa = PBXBuildFile; fileRef = 743F48C0252235BD00AD158F /* ConversationsListViewController.swift */; };
		743F48C3252235E500AD158F /* ConversationsList.storyboard in Resources */ = {isa = PBXBuildFile; fileRef = 743F48C2252235E500AD158F /* ConversationsList.storyboard */; };
		743F48D12522594600AD158F /* ConversationCell.swift in Sources */ = {isa = PBXBuildFile; fileRef = 743F48D02522594600AD158F /* ConversationCell.swift */; };
		7441F81B255AFABD00010A5A /* CoreDataAssembly.swift in Sources */ = {isa = PBXBuildFile; fileRef = 7441F81A255AFABD00010A5A /* CoreDataAssembly.swift */; };
		7444F792250F399B00F2C07D /* AppDelegate.swift in Sources */ = {isa = PBXBuildFile; fileRef = 7444F791250F399B00F2C07D /* AppDelegate.swift */; };
		7444F796250F399B00F2C07D /* ProfileViewController.swift in Sources */ = {isa = PBXBuildFile; fileRef = 7444F795250F399B00F2C07D /* ProfileViewController.swift */; };
		7444F799250F399B00F2C07D /* Profile.storyboard in Resources */ = {isa = PBXBuildFile; fileRef = 7444F797250F399B00F2C07D /* Profile.storyboard */; };
		7444F79B250F399E00F2C07D /* Assets.xcassets in Resources */ = {isa = PBXBuildFile; fileRef = 7444F79A250F399E00F2C07D /* Assets.xcassets */; };
		7444F79E250F399E00F2C07D /* LaunchScreen.storyboard in Resources */ = {isa = PBXBuildFile; fileRef = 7444F79C250F399E00F2C07D /* LaunchScreen.storyboard */; };
		74459577253C909300D80A6C /* GoogleService-Info.plist in Resources */ = {isa = PBXBuildFile; fileRef = 74459576253C909300D80A6C /* GoogleService-Info.plist */; };
		744DE55325454FB600272AEB /* Chat.xcdatamodeld in Sources */ = {isa = PBXBuildFile; fileRef = 744DE55125454FB600272AEB /* Chat.xcdatamodeld */; };
		744DE5572545AEB200272AEB /* CoreDataStack.swift in Sources */ = {isa = PBXBuildFile; fileRef = 744DE5562545AEB200272AEB /* CoreDataStack.swift */; };
		7453F336255D7D2C000876AD /* ConversationsListModel.swift in Sources */ = {isa = PBXBuildFile; fileRef = 7453F335255D7D2C000876AD /* ConversationsListModel.swift */; };
		7453F338255D8793000876AD /* PresentationAssembly.swift in Sources */ = {isa = PBXBuildFile; fileRef = 7453F337255D8793000876AD /* PresentationAssembly.swift */; };
		7453F33A255D97D0000876AD /* RootAssembly.swift in Sources */ = {isa = PBXBuildFile; fileRef = 7453F339255D97D0000876AD /* RootAssembly.swift */; };
		7453F33F255DA3B7000876AD /* ConversationModel.swift in Sources */ = {isa = PBXBuildFile; fileRef = 7453F33E255DA3B7000876AD /* ConversationModel.swift */; };
		7453F342255DBFFF000876AD /* UserProfile.swift in Sources */ = {isa = PBXBuildFile; fileRef = 7453F341255DBFFE000876AD /* UserProfile.swift */; };
		7484DE9C2528CBE80031C18B /* ThemesViewController.storyboard in Resources */ = {isa = PBXBuildFile; fileRef = 7484DE9B2528CBE80031C18B /* ThemesViewController.storyboard */; };
		7484DE9E2528F10D0031C18B /* ThemesViewController.swift in Sources */ = {isa = PBXBuildFile; fileRef = 7484DE9D2528F10C0031C18B /* ThemesViewController.swift */; };
		748D929A252CCFC3006DAD9B /* ThemePickerDelegate.swift in Sources */ = {isa = PBXBuildFile; fileRef = 748D9299252CCFC3006DAD9B /* ThemePickerDelegate.swift */; };
		74ED076A25237C5800DA4380 /* ConversationsTableViewCell.swift in Sources */ = {isa = PBXBuildFile; fileRef = 74ED076825237C5800DA4380 /* ConversationsTableViewCell.swift */; };
		74F35DEF253785300058B6D9 /* OperationDataManager.swift in Sources */ = {isa = PBXBuildFile; fileRef = 74F35DEE253785300058B6D9 /* OperationDataManager.swift */; };
		7EA733E2D4BA5ECA4076CC46 /* Pods_TinkoffChat.framework in Frameworks */ = {isa = PBXBuildFile; fileRef = 014FD6E9DF7034A200C32D7C /* Pods_TinkoffChat.framework */; };
/* End PBXBuildFile section */

/* Begin PBXFileReference section */
		014FD6E9DF7034A200C32D7C /* Pods_TinkoffChat.framework */ = {isa = PBXFileReference; explicitFileType = wrapper.framework; includeInIndex = 0; path = Pods_TinkoffChat.framework; sourceTree = BUILT_PRODUCTS_DIR; };
		260F356A4B2C3027B02F3B9A /* Pods-TinkoffChat.release.xcconfig */ = {isa = PBXFileReference; includeInIndex = 1; lastKnownFileType = text.xcconfig; name = "Pods-TinkoffChat.release.xcconfig"; path = "Target Support Files/Pods-TinkoffChat/Pods-TinkoffChat.release.xcconfig"; sourceTree = "<group>"; };
		74003458253F6C6300385E62 /* FirebaseModels.swift */ = {isa = PBXFileReference; lastKnownFileType = sourcecode.swift; path = FirebaseModels.swift; sourceTree = "<group>"; };
		7400345D253F6DE900385E62 /* FirebaseManager.swift */ = {isa = PBXFileReference; lastKnownFileType = sourcecode.swift; path = FirebaseManager.swift; sourceTree = "<group>"; };
		74029F9E253615B1008F17BB /* GCDDataManager.swift */ = {isa = PBXFileReference; lastKnownFileType = sourcecode.swift; path = GCDDataManager.swift; sourceTree = "<group>"; };
		741836F7255C3B6E00F23E96 /* CoreDataManager.swift */ = {isa = PBXFileReference; lastKnownFileType = sourcecode.swift; path = CoreDataManager.swift; sourceTree = "<group>"; };
		741836F9255C4D6800F23E96 /* ServiceAssembly.swift */ = {isa = PBXFileReference; lastKnownFileType = sourcecode.swift; path = ServiceAssembly.swift; sourceTree = "<group>"; };
		742F0A552549C6B600B37F78 /* DBMessage+CoreDataClass.swift */ = {isa = PBXFileReference; lastKnownFileType = sourcecode.swift; path = "DBMessage+CoreDataClass.swift"; sourceTree = "<group>"; };
		742F0A562549C6B600B37F78 /* DBMessage+CoreDataProperties.swift */ = {isa = PBXFileReference; lastKnownFileType = sourcecode.swift; path = "DBMessage+CoreDataProperties.swift"; sourceTree = "<group>"; };
		742F0A572549C6B600B37F78 /* DBChannel+CoreDataClass.swift */ = {isa = PBXFileReference; lastKnownFileType = sourcecode.swift; path = "DBChannel+CoreDataClass.swift"; sourceTree = "<group>"; };
		742F0A582549C6B600B37F78 /* DBChannel+CoreDataProperties.swift */ = {isa = PBXFileReference; lastKnownFileType = sourcecode.swift; path = "DBChannel+CoreDataProperties.swift"; sourceTree = "<group>"; };
		743AF20C25245C5000C022E7 /* ConfigurableView.swift */ = {isa = PBXFileReference; lastKnownFileType = sourcecode.swift; path = ConfigurableView.swift; sourceTree = "<group>"; };
		743AF2102524657700C022E7 /* ConversationViewController.swift */ = {isa = PBXFileReference; lastKnownFileType = sourcecode.swift; path = ConversationViewController.swift; sourceTree = "<group>"; };
		743AF21425249F9600C022E7 /* MessageCellModel.swift */ = {isa = PBXFileReference; lastKnownFileType = sourcecode.swift; path = MessageCellModel.swift; sourceTree = "<group>"; };
		743AF2162524A03800C022E7 /* ConversationTableViewCell.swift */ = {isa = PBXFileReference; lastKnownFileType = sourcecode.swift; path = ConversationTableViewCell.swift; sourceTree = "<group>"; };
		743F48C0252235BD00AD158F /* ConversationsListViewController.swift */ = {isa = PBXFileReference; lastKnownFileType = sourcecode.swift; path = ConversationsListViewController.swift; sourceTree = "<group>"; };
		743F48C2252235E500AD158F /* ConversationsList.storyboard */ = {isa = PBXFileReference; lastKnownFileType = file.storyboard; path = ConversationsList.storyboard; sourceTree = "<group>"; };
		743F48D02522594600AD158F /* ConversationCell.swift */ = {isa = PBXFileReference; lastKnownFileType = sourcecode.swift; path = ConversationCell.swift; sourceTree = "<group>"; };
		7441F81A255AFABD00010A5A /* CoreDataAssembly.swift */ = {isa = PBXFileReference; lastKnownFileType = sourcecode.swift; path = CoreDataAssembly.swift; sourceTree = "<group>"; };
		7444F78E250F399B00F2C07D /* TinkoffChat.app */ = {isa = PBXFileReference; explicitFileType = wrapper.application; includeInIndex = 0; path = TinkoffChat.app; sourceTree = BUILT_PRODUCTS_DIR; };
		7444F791250F399B00F2C07D /* AppDelegate.swift */ = {isa = PBXFileReference; lastKnownFileType = sourcecode.swift; path = AppDelegate.swift; sourceTree = "<group>"; };
		7444F795250F399B00F2C07D /* ProfileViewController.swift */ = {isa = PBXFileReference; lastKnownFileType = sourcecode.swift; path = ProfileViewController.swift; sourceTree = "<group>"; };
		7444F798250F399B00F2C07D /* Base */ = {isa = PBXFileReference; lastKnownFileType = file.storyboard; name = Base; path = Base.lproj/Profile.storyboard; sourceTree = "<group>"; };
		7444F79A250F399E00F2C07D /* Assets.xcassets */ = {isa = PBXFileReference; lastKnownFileType = folder.assetcatalog; path = Assets.xcassets; sourceTree = "<group>"; };
		7444F79D250F399E00F2C07D /* Base */ = {isa = PBXFileReference; lastKnownFileType = file.storyboard; name = Base; path = Base.lproj/LaunchScreen.storyboard; sourceTree = "<group>"; };
		7444F79F250F399E00F2C07D /* Info.plist */ = {isa = PBXFileReference; lastKnownFileType = text.plist.xml; path = Info.plist; sourceTree = "<group>"; };
		74459576253C909300D80A6C /* GoogleService-Info.plist */ = {isa = PBXFileReference; lastKnownFileType = text.plist; path = "GoogleService-Info.plist"; sourceTree = SOURCE_ROOT; };
		744DE55225454FB600272AEB /* Chat.xcdatamodel */ = {isa = PBXFileReference; lastKnownFileType = wrapper.xcdatamodel; path = Chat.xcdatamodel; sourceTree = "<group>"; };
		744DE5562545AEB200272AEB /* CoreDataStack.swift */ = {isa = PBXFileReference; lastKnownFileType = sourcecode.swift; path = CoreDataStack.swift; sourceTree = "<group>"; };
		7453F335255D7D2C000876AD /* ConversationsListModel.swift */ = {isa = PBXFileReference; lastKnownFileType = sourcecode.swift; path = ConversationsListModel.swift; sourceTree = "<group>"; };
		7453F337255D8793000876AD /* PresentationAssembly.swift */ = {isa = PBXFileReference; lastKnownFileType = sourcecode.swift; path = PresentationAssembly.swift; sourceTree = "<group>"; };
		7453F339255D97D0000876AD /* RootAssembly.swift */ = {isa = PBXFileReference; lastKnownFileType = sourcecode.swift; path = RootAssembly.swift; sourceTree = "<group>"; };
		7453F33E255DA3B7000876AD /* ConversationModel.swift */ = {isa = PBXFileReference; lastKnownFileType = sourcecode.swift; path = ConversationModel.swift; sourceTree = "<group>"; };
		7453F341255DBFFE000876AD /* UserProfile.swift */ = {isa = PBXFileReference; lastKnownFileType = sourcecode.swift; path = UserProfile.swift; sourceTree = "<group>"; };
		7484DE9B2528CBE80031C18B /* ThemesViewController.storyboard */ = {isa = PBXFileReference; lastKnownFileType = file.storyboard; path = ThemesViewController.storyboard; sourceTree = "<group>"; };
		7484DE9D2528F10C0031C18B /* ThemesViewController.swift */ = {isa = PBXFileReference; lastKnownFileType = sourcecode.swift; path = ThemesViewController.swift; sourceTree = "<group>"; };
		748D9299252CCFC3006DAD9B /* ThemePickerDelegate.swift */ = {isa = PBXFileReference; lastKnownFileType = sourcecode.swift; path = ThemePickerDelegate.swift; sourceTree = "<group>"; };
		74ED076825237C5800DA4380 /* ConversationsTableViewCell.swift */ = {isa = PBXFileReference; lastKnownFileType = sourcecode.swift; path = ConversationsTableViewCell.swift; sourceTree = "<group>"; };
		74F35DEE253785300058B6D9 /* OperationDataManager.swift */ = {isa = PBXFileReference; lastKnownFileType = sourcecode.swift; path = OperationDataManager.swift; sourceTree = "<group>"; };
		7D9AF138F85DB24D2C6CE591 /* Pods-TinkoffChat.debug.xcconfig */ = {isa = PBXFileReference; includeInIndex = 1; lastKnownFileType = text.xcconfig; name = "Pods-TinkoffChat.debug.xcconfig"; path = "Target Support Files/Pods-TinkoffChat/Pods-TinkoffChat.debug.xcconfig"; sourceTree = "<group>"; };
/* End PBXFileReference section */

/* Begin PBXFrameworksBuildPhase section */
		7444F78B250F399B00F2C07D /* Frameworks */ = {
			isa = PBXFrameworksBuildPhase;
			buildActionMask = 2147483647;
			files = (
				7EA733E2D4BA5ECA4076CC46 /* Pods_TinkoffChat.framework in Frameworks */,
			);
			runOnlyForDeploymentPostprocessing = 0;
		};
/* End PBXFrameworksBuildPhase section */

/* Begin PBXGroup section */
		01AF5755BD53A05EAE9B5581 /* Frameworks */ = {
			isa = PBXGroup;
			children = (
				014FD6E9DF7034A200C32D7C /* Pods_TinkoffChat.framework */,
			);
			name = Frameworks;
			sourceTree = "<group>";
		};
		6A5A95B044EAF81268F8C7E9 /* Pods */ = {
			isa = PBXGroup;
			children = (
				7D9AF138F85DB24D2C6CE591 /* Pods-TinkoffChat.debug.xcconfig */,
				260F356A4B2C3027B02F3B9A /* Pods-TinkoffChat.release.xcconfig */,
			);
			path = Pods;
			sourceTree = "<group>";
		};
		742C5A6E2515F39B0020E275 /* SupportingFiles */ = {
			isa = PBXGroup;
			children = (
				7444F791250F399B00F2C07D /* AppDelegate.swift */,
				7444F79A250F399E00F2C07D /* Assets.xcassets */,
			);
			path = SupportingFiles;
			sourceTree = "<group>";
		};
		743AF20B25245BBD00C022E7 /* Protocols */ = {
			isa = PBXGroup;
			children = (
				743AF20C25245C5000C022E7 /* ConfigurableView.swift */,
			);
			path = Protocols;
			sourceTree = "<group>";
		};
		743F48C42522398600AD158F /* Cells */ = {
			isa = PBXGroup;
			children = (
				743AF2162524A03800C022E7 /* ConversationTableViewCell.swift */,
			);
			path = Cells;
			sourceTree = "<group>";
		};
		743F48CF252258E900AD158F /* Models */ = {
			isa = PBXGroup;
			children = (
			);
			path = Models;
			sourceTree = "<group>";
		};
		7441F811255AED6500010A5A /* 3.CoreLayer */ = {
			isa = PBXGroup;
			children = (
				7441F812255AED9D00010A5A /* Assembly */,
				7441F813255AEDA800010A5A /* Modules */,
			);
			path = 3.CoreLayer;
			sourceTree = "<group>";
		};
		7441F812255AED9D00010A5A /* Assembly */ = {
			isa = PBXGroup;
			children = (
				7441F81A255AFABD00010A5A /* CoreDataAssembly.swift */,
			);
			path = Assembly;
			sourceTree = "<group>";
		};
		7441F813255AEDA800010A5A /* Modules */ = {
			isa = PBXGroup;
			children = (
				7441F814255AEDD100010A5A /* Channel */,
				7441F815255AEDE200010A5A /* Message */,
				7441F816255AEE3700010A5A /* CoreData */,
			);
			path = Modules;
			sourceTree = "<group>";
		};
		7441F814255AEDD100010A5A /* Channel */ = {
			isa = PBXGroup;
			children = (
				742F0A572549C6B600B37F78 /* DBChannel+CoreDataClass.swift */,
				742F0A582549C6B600B37F78 /* DBChannel+CoreDataProperties.swift */,
			);
			path = Channel;
			sourceTree = "<group>";
		};
		7441F815255AEDE200010A5A /* Message */ = {
			isa = PBXGroup;
			children = (
				742F0A552549C6B600B37F78 /* DBMessage+CoreDataClass.swift */,
				742F0A562549C6B600B37F78 /* DBMessage+CoreDataProperties.swift */,
			);
			path = Message;
			sourceTree = "<group>";
		};
		7441F816255AEE3700010A5A /* CoreData */ = {
			isa = PBXGroup;
			children = (
				744DE5562545AEB200272AEB /* CoreDataStack.swift */,
				744DE55125454FB600272AEB /* Chat.xcdatamodeld */,
			);
			path = CoreData;
			sourceTree = "<group>";
		};
		7441F81D255AFAE400010A5A /* 2.ServiceLayer */ = {
			isa = PBXGroup;
			children = (
				7441F81E255AFAFE00010A5A /* Assembly */,
				7453F340255DBEFB000876AD /* Modules */,
			);
			path = 2.ServiceLayer;
			sourceTree = "<group>";
		};
		7441F81E255AFAFE00010A5A /* Assembly */ = {
			isa = PBXGroup;
			children = (
				741836F9255C4D6800F23E96 /* ServiceAssembly.swift */,
			);
			path = Assembly;
			sourceTree = "<group>";
		};
		7444F785250F399B00F2C07D = {
			isa = PBXGroup;
			children = (
				7444F790250F399B00F2C07D /* TinkoffChat */,
				7444F78F250F399B00F2C07D /* Products */,
				6A5A95B044EAF81268F8C7E9 /* Pods */,
				01AF5755BD53A05EAE9B5581 /* Frameworks */,
			);
			sourceTree = "<group>";
		};
		7444F78F250F399B00F2C07D /* Products */ = {
			isa = PBXGroup;
			children = (
				7444F78E250F399B00F2C07D /* TinkoffChat.app */,
			);
			name = Products;
			sourceTree = "<group>";
		};
		7444F790250F399B00F2C07D /* TinkoffChat */ = {
			isa = PBXGroup;
			children = (
				742C5A6E2515F39B0020E275 /* SupportingFiles */,
				743AF20B25245BBD00C022E7 /* Protocols */,
				743F48CF252258E900AD158F /* Models */,
				7453F339255D97D0000876AD /* RootAssembly.swift */,
				7453F32F255D69C1000876AD /* 1.PresentationLayer */,
				7441F81D255AFAE400010A5A /* 2.ServiceLayer */,
				7441F811255AED6500010A5A /* 3.CoreLayer */,
				7444F79F250F399E00F2C07D /* Info.plist */,
				74459576253C909300D80A6C /* GoogleService-Info.plist */,
			);
			path = TinkoffChat;
			sourceTree = "<group>";
		};
		7453F32F255D69C1000876AD /* 1.PresentationLayer */ = {
			isa = PBXGroup;
			children = (
				7453F331255D7351000876AD /* Assembly */,
				7453F330255D7338000876AD /* Modules */,
				7444F79C250F399E00F2C07D /* LaunchScreen.storyboard */,
			);
			path = 1.PresentationLayer;
			sourceTree = "<group>";
		};
		7453F330255D7338000876AD /* Modules */ = {
			isa = PBXGroup;
			children = (
				74F5D71D252B6D77001D8F89 /* ConversationsList */,
				74F5D71E252B6DB2001D8F89 /* ConversationViewController */,
				74F5D71F252B6DF1001D8F89 /* ProfileViewController */,
				74F5D720252B6E1B001D8F89 /* ThemesViewController */,
				743F48C42522398600AD158F /* Cells */,
			);
			path = Modules;
			sourceTree = "<group>";
		};
		7453F331255D7351000876AD /* Assembly */ = {
			isa = PBXGroup;
			children = (
				7453F337255D8793000876AD /* PresentationAssembly.swift */,
			);
			path = Assembly;
			sourceTree = "<group>";
		};
		7453F332255D7381000876AD /* Controller */ = {
			isa = PBXGroup;
			children = (
				743F48C0252235BD00AD158F /* ConversationsListViewController.swift */,
			);
			path = Controller;
			sourceTree = "<group>";
		};
		7453F333255D7384000876AD /* View */ = {
			isa = PBXGroup;
			children = (
				74ED076825237C5800DA4380 /* ConversationsTableViewCell.swift */,
				743F48C2252235E500AD158F /* ConversationsList.storyboard */,
			);
			path = View;
			sourceTree = "<group>";
		};
		7453F334255D7386000876AD /* Model */ = {
			isa = PBXGroup;
			children = (
				7453F335255D7D2C000876AD /* ConversationsListModel.swift */,
				743F48D02522594600AD158F /* ConversationCell.swift */,
			);
			path = Model;
			sourceTree = "<group>";
		};
		7453F33B255DA339000876AD /* Controller */ = {
			isa = PBXGroup;
			children = (
				743AF2102524657700C022E7 /* ConversationViewController.swift */,
			);
			path = Controller;
			sourceTree = "<group>";
		};
		7453F33D255DA33D000876AD /* Model */ = {
			isa = PBXGroup;
			children = (
				7453F33E255DA3B7000876AD /* ConversationModel.swift */,
				743AF21425249F9600C022E7 /* MessageCellModel.swift */,
			);
			path = Model;
			sourceTree = "<group>";
		};
		7453F340255DBEFB000876AD /* Modules */ = {
			isa = PBXGroup;
			children = (
				741836F7255C3B6E00F23E96 /* CoreDataManager.swift */,
				7400345D253F6DE900385E62 /* FirebaseManager.swift */,
				74F35DEE253785300058B6D9 /* OperationDataManager.swift */,
				74029F9E253615B1008F17BB /* GCDDataManager.swift */,
				74003458253F6C6300385E62 /* FirebaseModels.swift */,
				7453F341255DBFFE000876AD /* UserProfile.swift */,
			);
			path = Modules;
			sourceTree = "<group>";
		};
		74F5D71D252B6D77001D8F89 /* ConversationsList */ = {
			isa = PBXGroup;
			children = (
				7453F334255D7386000876AD /* Model */,
				7453F333255D7384000876AD /* View */,
				7453F332255D7381000876AD /* Controller */,
			);
			path = ConversationsList;
			sourceTree = "<group>";
		};
		74F5D71E252B6DB2001D8F89 /* ConversationViewController */ = {
			isa = PBXGroup;
			children = (
				7453F33D255DA33D000876AD /* Model */,
				7453F33B255DA339000876AD /* Controller */,
			);
			path = ConversationViewController;
			sourceTree = "<group>";
		};
		74F5D71F252B6DF1001D8F89 /* ProfileViewController */ = {
			isa = PBXGroup;
			children = (
				7444F795250F399B00F2C07D /* ProfileViewController.swift */,
				7444F797250F399B00F2C07D /* Profile.storyboard */,
			);
			path = ProfileViewController;
			sourceTree = "<group>";
		};
		74F5D720252B6E1B001D8F89 /* ThemesViewController */ = {
			isa = PBXGroup;
			children = (
				748D9299252CCFC3006DAD9B /* ThemePickerDelegate.swift */,
				7484DE9D2528F10C0031C18B /* ThemesViewController.swift */,
				7484DE9B2528CBE80031C18B /* ThemesViewController.storyboard */,
			);
			path = ThemesViewController;
			sourceTree = "<group>";
		};
/* End PBXGroup section */

/* Begin PBXNativeTarget section */
		7444F78D250F399B00F2C07D /* TinkoffChat */ = {
			isa = PBXNativeTarget;
			buildConfigurationList = 7444F7A2250F399E00F2C07D /* Build configuration list for PBXNativeTarget "TinkoffChat" */;
			buildPhases = (
				740FBDC0253CA196002EC89E /* ShellScript */,
				2AAF369CCC26A2AE75FB7DDB /* [CP] Check Pods Manifest.lock */,
				7444F78A250F399B00F2C07D /* Sources */,
				7444F78B250F399B00F2C07D /* Frameworks */,
				7444F78C250F399B00F2C07D /* Resources */,
				FE5A47624BB9559609855890 /* [CP] Embed Pods Frameworks */,
			);
			buildRules = (
			);
			dependencies = (
			);
			name = TinkoffChat;
			productName = TinkoffChat;
			productReference = 7444F78E250F399B00F2C07D /* TinkoffChat.app */;
			productType = "com.apple.product-type.application";
		};
/* End PBXNativeTarget section */

/* Begin PBXProject section */
		7444F786250F399B00F2C07D /* Project object */ = {
			isa = PBXProject;
			attributes = {
				KnownAssetTags = (
					0,
					1,
					2,
					3,
					classic,
					day,
					night,
				);
				LastSwiftUpdateCheck = 1130;
				LastUpgradeCheck = 1130;
				ORGANIZATIONNAME = Egor;
				TargetAttributes = {
					7444F78D250F399B00F2C07D = {
						CreatedOnToolsVersion = 11.3.1;
					};
				};
			};
			buildConfigurationList = 7444F789250F399B00F2C07D /* Build configuration list for PBXProject "TinkoffChat" */;
			compatibilityVersion = "Xcode 9.3";
			developmentRegion = en;
			hasScannedForEncodings = 0;
			knownRegions = (
				en,
				Base,
			);
			mainGroup = 7444F785250F399B00F2C07D;
			productRefGroup = 7444F78F250F399B00F2C07D /* Products */;
			projectDirPath = "";
			projectRoot = "";
			targets = (
				7444F78D250F399B00F2C07D /* TinkoffChat */,
			);
		};
/* End PBXProject section */

/* Begin PBXResourcesBuildPhase section */
		7444F78C250F399B00F2C07D /* Resources */ = {
			isa = PBXResourcesBuildPhase;
			buildActionMask = 2147483647;
			files = (
				7444F79E250F399E00F2C07D /* LaunchScreen.storyboard in Resources */,
				7484DE9C2528CBE80031C18B /* ThemesViewController.storyboard in Resources */,
				743F48C3252235E500AD158F /* ConversationsList.storyboard in Resources */,
				7444F79B250F399E00F2C07D /* Assets.xcassets in Resources */,
				7444F799250F399B00F2C07D /* Profile.storyboard in Resources */,
				74459577253C909300D80A6C /* GoogleService-Info.plist in Resources */,
			);
			runOnlyForDeploymentPostprocessing = 0;
		};
/* End PBXResourcesBuildPhase section */

/* Begin PBXShellScriptBuildPhase section */
		2AAF369CCC26A2AE75FB7DDB /* [CP] Check Pods Manifest.lock */ = {
			isa = PBXShellScriptBuildPhase;
			buildActionMask = 2147483647;
			files = (
			);
			inputFileListPaths = (
			);
			inputPaths = (
				"${PODS_PODFILE_DIR_PATH}/Podfile.lock",
				"${PODS_ROOT}/Manifest.lock",
			);
			name = "[CP] Check Pods Manifest.lock";
			outputFileListPaths = (
			);
			outputPaths = (
				"$(DERIVED_FILE_DIR)/Pods-TinkoffChat-checkManifestLockResult.txt",
			);
			runOnlyForDeploymentPostprocessing = 0;
			shellPath = /bin/sh;
			shellScript = "diff \"${PODS_PODFILE_DIR_PATH}/Podfile.lock\" \"${PODS_ROOT}/Manifest.lock\" > /dev/null\nif [ $? != 0 ] ; then\n    # print error to STDERR\n    echo \"error: The sandbox is not in sync with the Podfile.lock. Run 'pod install' or update your CocoaPods installation.\" >&2\n    exit 1\nfi\n# This output is used by Xcode 'outputs' to avoid re-running this script phase.\necho \"SUCCESS\" > \"${SCRIPT_OUTPUT_FILE_0}\"\n";
			showEnvVarsInLog = 0;
		};
		740FBDC0253CA196002EC89E /* ShellScript */ = {
			isa = PBXShellScriptBuildPhase;
			buildActionMask = 2147483647;
			files = (
			);
			inputFileListPaths = (
			);
			inputPaths = (
			);
			outputFileListPaths = (
			);
			outputPaths = (
			);
			runOnlyForDeploymentPostprocessing = 0;
			shellPath = /bin/sh;
			shellScript = "${PODS_ROOT}/SwiftLint/swiftlint\n";
		};
		FE5A47624BB9559609855890 /* [CP] Embed Pods Frameworks */ = {
			isa = PBXShellScriptBuildPhase;
			buildActionMask = 2147483647;
			files = (
			);
			inputFileListPaths = (
				"${PODS_ROOT}/Target Support Files/Pods-TinkoffChat/Pods-TinkoffChat-frameworks-${CONFIGURATION}-input-files.xcfilelist",
			);
			name = "[CP] Embed Pods Frameworks";
			outputFileListPaths = (
				"${PODS_ROOT}/Target Support Files/Pods-TinkoffChat/Pods-TinkoffChat-frameworks-${CONFIGURATION}-output-files.xcfilelist",
			);
			runOnlyForDeploymentPostprocessing = 0;
			shellPath = /bin/sh;
			shellScript = "\"${PODS_ROOT}/Target Support Files/Pods-TinkoffChat/Pods-TinkoffChat-frameworks.sh\"\n";
			showEnvVarsInLog = 0;
		};
/* End PBXShellScriptBuildPhase section */

/* Begin PBXSourcesBuildPhase section */
		7444F78A250F399B00F2C07D /* Sources */ = {
			isa = PBXSourcesBuildPhase;
			buildActionMask = 2147483647;
			files = (
				748D929A252CCFC3006DAD9B /* ThemePickerDelegate.swift in Sources */,
				741836FA255C4D6800F23E96 /* ServiceAssembly.swift in Sources */,
				74003459253F6C6300385E62 /* FirebaseModels.swift in Sources */,
				743AF21525249F9600C022E7 /* MessageCellModel.swift in Sources */,
				743AF2112524657700C022E7 /* ConversationViewController.swift in Sources */,
				7444F796250F399B00F2C07D /* ProfileViewController.swift in Sources */,
				7444F792250F399B00F2C07D /* AppDelegate.swift in Sources */,
				742F0A592549C6B600B37F78 /* DBMessage+CoreDataClass.swift in Sources */,
				7453F342255DBFFF000876AD /* UserProfile.swift in Sources */,
				74029F9F253615B1008F17BB /* GCDDataManager.swift in Sources */,
				742F0A5B2549C6B600B37F78 /* DBChannel+CoreDataClass.swift in Sources */,
				744DE5572545AEB200272AEB /* CoreDataStack.swift in Sources */,
				743AF2172524A03800C022E7 /* ConversationTableViewCell.swift in Sources */,
				744DE55325454FB600272AEB /* Chat.xcdatamodeld in Sources */,
				742F0A5A2549C6B600B37F78 /* DBMessage+CoreDataProperties.swift in Sources */,
				7453F33F255DA3B7000876AD /* ConversationModel.swift in Sources */,
				743F48C1252235BD00AD158F /* ConversationsListViewController.swift in Sources */,
				7453F338255D8793000876AD /* PresentationAssembly.swift in Sources */,
				7453F336255D7D2C000876AD /* ConversationsListModel.swift in Sources */,
				743AF20D25245C5000C022E7 /* ConfigurableView.swift in Sources */,
				74F35DEF253785300058B6D9 /* OperationDataManager.swift in Sources */,
				7484DE9E2528F10D0031C18B /* ThemesViewController.swift in Sources */,
				743F48D12522594600AD158F /* ConversationCell.swift in Sources */,
				741836F8255C3B6E00F23E96 /* CoreDataManager.swift in Sources */,
				7453F33A255D97D0000876AD /* RootAssembly.swift in Sources */,
				742F0A5C2549C6B600B37F78 /* DBChannel+CoreDataProperties.swift in Sources */,
				74ED076A25237C5800DA4380 /* ConversationsTableViewCell.swift in Sources */,
				7441F81B255AFABD00010A5A /* CoreDataAssembly.swift in Sources */,
				7400345E253F6DE900385E62 /* FirebaseManager.swift in Sources */,
			);
			runOnlyForDeploymentPostprocessing = 0;
		};
/* End PBXSourcesBuildPhase section */

/* Begin PBXVariantGroup section */
		7444F797250F399B00F2C07D /* Profile.storyboard */ = {
			isa = PBXVariantGroup;
			children = (
				7444F798250F399B00F2C07D /* Base */,
			);
			name = Profile.storyboard;
			sourceTree = "<group>";
		};
		7444F79C250F399E00F2C07D /* LaunchScreen.storyboard */ = {
			isa = PBXVariantGroup;
			children = (
				7444F79D250F399E00F2C07D /* Base */,
			);
			name = LaunchScreen.storyboard;
			sourceTree = "<group>";
		};
/* End PBXVariantGroup section */

/* Begin XCBuildConfiguration section */
		7444F7A0250F399E00F2C07D /* Debug */ = {
			isa = XCBuildConfiguration;
			buildSettings = {
				ALWAYS_SEARCH_USER_PATHS = NO;
				CLANG_ANALYZER_NONNULL = YES;
				CLANG_ANALYZER_NUMBER_OBJECT_CONVERSION = YES_AGGRESSIVE;
				CLANG_CXX_LANGUAGE_STANDARD = "gnu++14";
				CLANG_CXX_LIBRARY = "libc++";
				CLANG_ENABLE_MODULES = YES;
				CLANG_ENABLE_OBJC_ARC = YES;
				CLANG_ENABLE_OBJC_WEAK = YES;
				CLANG_WARN_BLOCK_CAPTURE_AUTORELEASING = YES;
				CLANG_WARN_BOOL_CONVERSION = YES;
				CLANG_WARN_COMMA = YES;
				CLANG_WARN_CONSTANT_CONVERSION = YES;
				CLANG_WARN_DEPRECATED_OBJC_IMPLEMENTATIONS = YES;
				CLANG_WARN_DIRECT_OBJC_ISA_USAGE = YES_ERROR;
				CLANG_WARN_DOCUMENTATION_COMMENTS = YES;
				CLANG_WARN_EMPTY_BODY = YES;
				CLANG_WARN_ENUM_CONVERSION = YES;
				CLANG_WARN_INFINITE_RECURSION = YES;
				CLANG_WARN_INT_CONVERSION = YES;
				CLANG_WARN_NON_LITERAL_NULL_CONVERSION = YES;
				CLANG_WARN_OBJC_IMPLICIT_RETAIN_SELF = YES;
				CLANG_WARN_OBJC_LITERAL_CONVERSION = YES;
				CLANG_WARN_OBJC_ROOT_CLASS = YES_ERROR;
				CLANG_WARN_RANGE_LOOP_ANALYSIS = YES;
				CLANG_WARN_STRICT_PROTOTYPES = YES;
				CLANG_WARN_SUSPICIOUS_MOVE = YES;
				CLANG_WARN_UNGUARDED_AVAILABILITY = YES_AGGRESSIVE;
				CLANG_WARN_UNREACHABLE_CODE = YES;
				CLANG_WARN__DUPLICATE_METHOD_MATCH = YES;
				COPY_PHASE_STRIP = NO;
				DEBUG_INFORMATION_FORMAT = dwarf;
				ENABLE_STRICT_OBJC_MSGSEND = YES;
				ENABLE_TESTABILITY = YES;
				GCC_C_LANGUAGE_STANDARD = gnu11;
				GCC_DYNAMIC_NO_PIC = NO;
				GCC_NO_COMMON_BLOCKS = YES;
				GCC_OPTIMIZATION_LEVEL = 0;
				GCC_PREPROCESSOR_DEFINITIONS = (
					"DEBUG=1",
					"$(inherited)",
				);
				GCC_WARN_64_TO_32_BIT_CONVERSION = YES;
				GCC_WARN_ABOUT_RETURN_TYPE = YES_ERROR;
				GCC_WARN_UNDECLARED_SELECTOR = YES;
				GCC_WARN_UNINITIALIZED_AUTOS = YES_AGGRESSIVE;
				GCC_WARN_UNUSED_FUNCTION = YES;
				GCC_WARN_UNUSED_VARIABLE = YES;
				IPHONEOS_DEPLOYMENT_TARGET = 12.0;
				MTL_ENABLE_DEBUG_INFO = INCLUDE_SOURCE;
				MTL_FAST_MATH = YES;
				ONLY_ACTIVE_ARCH = YES;
				SDKROOT = iphoneos;
				SWIFT_ACTIVE_COMPILATION_CONDITIONS = DEBUG;
				SWIFT_OPTIMIZATION_LEVEL = "-Onone";
			};
			name = Debug;
		};
		7444F7A1250F399E00F2C07D /* Release */ = {
			isa = XCBuildConfiguration;
			buildSettings = {
				ALWAYS_SEARCH_USER_PATHS = NO;
				CLANG_ANALYZER_NONNULL = YES;
				CLANG_ANALYZER_NUMBER_OBJECT_CONVERSION = YES_AGGRESSIVE;
				CLANG_CXX_LANGUAGE_STANDARD = "gnu++14";
				CLANG_CXX_LIBRARY = "libc++";
				CLANG_ENABLE_MODULES = YES;
				CLANG_ENABLE_OBJC_ARC = YES;
				CLANG_ENABLE_OBJC_WEAK = YES;
				CLANG_WARN_BLOCK_CAPTURE_AUTORELEASING = YES;
				CLANG_WARN_BOOL_CONVERSION = YES;
				CLANG_WARN_COMMA = YES;
				CLANG_WARN_CONSTANT_CONVERSION = YES;
				CLANG_WARN_DEPRECATED_OBJC_IMPLEMENTATIONS = YES;
				CLANG_WARN_DIRECT_OBJC_ISA_USAGE = YES_ERROR;
				CLANG_WARN_DOCUMENTATION_COMMENTS = YES;
				CLANG_WARN_EMPTY_BODY = YES;
				CLANG_WARN_ENUM_CONVERSION = YES;
				CLANG_WARN_INFINITE_RECURSION = YES;
				CLANG_WARN_INT_CONVERSION = YES;
				CLANG_WARN_NON_LITERAL_NULL_CONVERSION = YES;
				CLANG_WARN_OBJC_IMPLICIT_RETAIN_SELF = YES;
				CLANG_WARN_OBJC_LITERAL_CONVERSION = YES;
				CLANG_WARN_OBJC_ROOT_CLASS = YES_ERROR;
				CLANG_WARN_RANGE_LOOP_ANALYSIS = YES;
				CLANG_WARN_STRICT_PROTOTYPES = YES;
				CLANG_WARN_SUSPICIOUS_MOVE = YES;
				CLANG_WARN_UNGUARDED_AVAILABILITY = YES_AGGRESSIVE;
				CLANG_WARN_UNREACHABLE_CODE = YES;
				CLANG_WARN__DUPLICATE_METHOD_MATCH = YES;
				COPY_PHASE_STRIP = NO;
				DEBUG_INFORMATION_FORMAT = "dwarf-with-dsym";
				ENABLE_NS_ASSERTIONS = NO;
				ENABLE_STRICT_OBJC_MSGSEND = YES;
				GCC_C_LANGUAGE_STANDARD = gnu11;
				GCC_NO_COMMON_BLOCKS = YES;
				GCC_WARN_64_TO_32_BIT_CONVERSION = YES;
				GCC_WARN_ABOUT_RETURN_TYPE = YES_ERROR;
				GCC_WARN_UNDECLARED_SELECTOR = YES;
				GCC_WARN_UNINITIALIZED_AUTOS = YES_AGGRESSIVE;
				GCC_WARN_UNUSED_FUNCTION = YES;
				GCC_WARN_UNUSED_VARIABLE = YES;
				IPHONEOS_DEPLOYMENT_TARGET = 12.0;
				MTL_ENABLE_DEBUG_INFO = NO;
				MTL_FAST_MATH = YES;
				SDKROOT = iphoneos;
				SWIFT_COMPILATION_MODE = wholemodule;
				SWIFT_OPTIMIZATION_LEVEL = "-O";
				VALIDATE_PRODUCT = YES;
			};
			name = Release;
		};
		7444F7A3250F399E00F2C07D /* Debug */ = {
			isa = XCBuildConfiguration;
			baseConfigurationReference = 7D9AF138F85DB24D2C6CE591 /* Pods-TinkoffChat.debug.xcconfig */;
			buildSettings = {
				ASSETCATALOG_COMPILER_APPICON_NAME = AppIcon;
				CODE_SIGN_STYLE = Automatic;
				INFOPLIST_FILE = TinkoffChat/Info.plist;
				IPHONEOS_DEPLOYMENT_TARGET = 12.0;
				LD_RUNPATH_SEARCH_PATHS = (
					"$(inherited)",
					"@executable_path/Frameworks",
				);
				PRODUCT_BUNDLE_IDENTIFIER = ru.tinkoff.TinkoffChat;
				PRODUCT_NAME = "$(TARGET_NAME)";
				SWIFT_VERSION = 5.0;
				TARGETED_DEVICE_FAMILY = 1;
			};
			name = Debug;
		};
		7444F7A4250F399E00F2C07D /* Release */ = {
			isa = XCBuildConfiguration;
			baseConfigurationReference = 260F356A4B2C3027B02F3B9A /* Pods-TinkoffChat.release.xcconfig */;
			buildSettings = {
				ASSETCATALOG_COMPILER_APPICON_NAME = AppIcon;
				CODE_SIGN_STYLE = Automatic;
				INFOPLIST_FILE = TinkoffChat/Info.plist;
				IPHONEOS_DEPLOYMENT_TARGET = 12.0;
				LD_RUNPATH_SEARCH_PATHS = (
					"$(inherited)",
					"@executable_path/Frameworks",
				);
				PRODUCT_BUNDLE_IDENTIFIER = ru.tinkoff.TinkoffChat;
				PRODUCT_NAME = "$(TARGET_NAME)";
				SWIFT_VERSION = 5.0;
				TARGETED_DEVICE_FAMILY = 1;
			};
			name = Release;
		};
/* End XCBuildConfiguration section */

/* Begin XCConfigurationList section */
		7444F789250F399B00F2C07D /* Build configuration list for PBXProject "TinkoffChat" */ = {
			isa = XCConfigurationList;
			buildConfigurations = (
				7444F7A0250F399E00F2C07D /* Debug */,
				7444F7A1250F399E00F2C07D /* Release */,
			);
			defaultConfigurationIsVisible = 0;
			defaultConfigurationName = Release;
		};
		7444F7A2250F399E00F2C07D /* Build configuration list for PBXNativeTarget "TinkoffChat" */ = {
			isa = XCConfigurationList;
			buildConfigurations = (
				7444F7A3250F399E00F2C07D /* Debug */,
				7444F7A4250F399E00F2C07D /* Release */,
			);
			defaultConfigurationIsVisible = 0;
			defaultConfigurationName = Release;
		};
/* End XCConfigurationList section */

/* Begin XCVersionGroup section */
		744DE55125454FB600272AEB /* Chat.xcdatamodeld */ = {
			isa = XCVersionGroup;
			children = (
				744DE55225454FB600272AEB /* Chat.xcdatamodel */,
			);
			currentVersion = 744DE55225454FB600272AEB /* Chat.xcdatamodel */;
			path = Chat.xcdatamodeld;
			sourceTree = "<group>";
			versionGroupType = wrapper.xcdatamodel;
		};
/* End XCVersionGroup section */
	};
	rootObject = 7444F786250F399B00F2C07D /* Project object */;
}
